<?xml version="1.0" encoding="utf-8"?>
<Project ToolsVersion="4.0" xmlns="http://schemas.microsoft.com/developer/msbuild/2003">
  <ItemGroup>
    <Filter Include="Header Files">
      <UniqueIdentifier>{60ceae10-72d7-4b6b-8a65-bcf16f10ccea}</UniqueIdentifier>
      <Extensions>h;hpp;hxx;hm;inl;inc;xsd</Extensions>
    </Filter>
    <Filter Include="Source Files">
      <UniqueIdentifier>{7732a5b0-7678-45b9-9aed-03977fcc11dd}</UniqueIdentifier>
      <Extensions>cpp;c;cc;cxx;def;odl;idl;hpj;bat;asm;asmx</Extensions>
    </Filter>
  </ItemGroup>
  <ItemGroup>
    <ClCompile Include="atac.cpp">
      <Filter>Source Files</Filter>
    </ClCompile>
    <ClCompile Include="cg.cpp">
      <Filter>Source Files</Filter>
    </ClCompile>
    <ClCompile Include="corr.cpp">
      <Filter>Source Files</Filter>
    </ClCompile>
    <ClCompile Include="Decomp.cpp">
      <Filter>Source Files</Filter>
    </ClCompile>
    <ClCompile Include="DecompBnd.cpp">
      <Filter>Source Files</Filter>
    </ClCompile>
    <ClCompile Include="DecompSplit.cpp">
      <Filter>Source Files</Filter>
    </ClCompile>
    <ClCompile Include="ExchangeMPI.cpp">
      <Filter>Source Files</Filter>
    </ClCompile>
    <ClCompile Include="fct.cpp">
      <Filter>Source Files</Filter>
    </ClCompile>
    <ClCompile Include="fourier.cpp">
      <Filter>Source Files</Filter>
    </ClCompile>
    <ClCompile Include="func.cpp">
      <Filter>Source Files</Filter>
    </ClCompile>
    <ClCompile Include="globals.cpp">
      <Filter>Source Files</Filter>
    </ClCompile>
    <ClCompile Include="gmres.cpp">
      <Filter>Source Files</Filter>
    </ClCompile>
    <ClCompile Include="gps.cpp">
      <Filter>Source Files</Filter>
    </ClCompile>
    <ClCompile Include="gsmatrix.cpp">
      <Filter>Source Files</Filter>
    </ClCompile>
    <ClCompile Include="gsmatrixc.cpp">
      <Filter>Source Files</Filter>
    </ClCompile>
    <ClCompile Include="hyst.cpp">
      <Filter>Source Files</Filter>
    </ClCompile>
    <ClCompile Include="ich2browc.cpp">
      <Filter>Source Files</Filter>
    </ClCompile>
    <ClCompile Include="ich2gcs.cpp">
      <Filter>Source Files</Filter>
    </ClCompile>
    <ClCompile Include="ich2r.cpp">
      <Filter>Source Files</Filter>
    </ClCompile>
    <ClCompile Include="ich2rb.cpp">
      <Filter>Source Files</Filter>
    </ClCompile>
    <ClCompile Include="ich2rs.cpp">
      <Filter>Source Files</Filter>
    </ClCompile>
    <ClCompile Include="ilu2browc.cpp">
      <Filter>Source Files</Filter>
    </ClCompile>
    <ClCompile Include="ilu2browr.cpp">
      <Filter>Source Files</Filter>
    </ClCompile>
    <ClCompile Include="ilu2browr2ind.cpp">
      <Filter>Source Files</Filter>
    </ClCompile>
    <ClCompile Include="ilu2cs.cpp">
      <Filter>Source Files</Filter>
    </ClCompile>
    <ClCompile Include="ilu2gcs.cpp">
      <Filter>Source Files</Filter>
    </ClCompile>
    <ClCompile Include="ilu2grs.cpp">
      <Filter>Source Files</Filter>
    </ClCompile>
    <ClCompile Include="ilu2grs2ind.cpp">
      <Filter>Source Files</Filter>
    </ClCompile>
    <ClCompile Include="ilu2r.cpp">
      <Filter>Source Files</Filter>
    </ClCompile>
    <ClCompile Include="ilu2rs.cpp">
      <Filter>Source Files</Filter>
    </ClCompile>
    <ClCompile Include="lanczos.cpp">
      <Filter>Source Files</Filter>
    </ClCompile>
    <ClCompile Include="lanczosc.cpp">
      <Filter>Source Files</Filter>
    </ClCompile>
    <ClCompile Include="lapackd.cpp">
      <Filter>Source Files</Filter>
    </ClCompile>
    <ClCompile Include="mpid.cpp">
      <Filter>Source Files</Filter>
    </ClCompile>
    <ClCompile Include="mvm.cpp">
      <Filter>Source Files</Filter>
    </ClCompile>
    <ClCompile Include="mvmc.cpp">
      <Filter>Source Files</Filter>
    </ClCompile>
    <ClCompile Include="newton.cpp">
      <Filter>Source Files</Filter>
    </ClCompile>
    <ClCompile Include="ordmatr.cpp">
      <Filter>Source Files</Filter>
    </ClCompile>
    <ClCompile Include="ordmatrnd.cpp">
      <Filter>Source Files</Filter>
    </ClCompile>
    <ClCompile Include="parfbss.cpp">
      <Filter>Source Files</Filter>
    </ClCompile>
    <ClCompile Include="qrd.cpp">
      <Filter>Source Files</Filter>
    </ClCompile>
    <ClCompile Include="rcm.cpp">
      <Filter>Source Files</Filter>
    </ClCompile>
    <ClCompile Include="sendrecv.cpp">
      <Filter>Source Files</Filter>
    </ClCompile>
    <ClCompile Include="smatrix.cpp">
      <Filter>Source Files</Filter>
    </ClCompile>
    <ClCompile Include="smatrixc.cpp">
      <Filter>Source Files</Filter>
    </ClCompile>
    <ClCompile Include="smatrixcs.cpp">
      <Filter>Source Files</Filter>
    </ClCompile>
    <ClCompile Include="smatrixr.cpp">
      <Filter>Source Files</Filter>
    </ClCompile>
    <ClCompile Include="smatrixrb.cpp">
      <Filter>Source Files</Filter>
    </ClCompile>
    <ClCompile Include="smatrixrs.cpp">
      <Filter>Source Files</Filter>
    </ClCompile>
    <ClCompile Include="sofgmres.cpp">
      <Filter>Source Files</Filter>
    </ClCompile>
    <ClCompile Include="solvers.cpp">
      <Filter>Source Files</Filter>
    </ClCompile>
    <ClCompile Include="sor.cpp">
      <Filter>Source Files</Filter>
    </ClCompile>
    <ClCompile Include="svector.cpp">
      <Filter>Source Files</Filter>
    </ClCompile>
    <ClCompile Include="svectorc.cpp">
      <Filter>Source Files</Filter>
    </ClCompile>
    <ClCompile Include="tree.cpp">
      <Filter>Source Files</Filter>
    </ClCompile>
    <ClCompile Include="unroll.cpp">
      <Filter>Source Files</Filter>
    </ClCompile>
  </ItemGroup>
  <ItemGroup>
    <ClInclude Include="complex.h">
      <Filter>Header Files</Filter>
    </ClInclude>
    <ClInclude Include="corr.h">
      <Filter>Header Files</Filter>
    </ClInclude>
    <ClInclude Include="CpuTree.h">
      <Filter>Header Files</Filter>
    </ClInclude>
    <ClInclude Include="Decomp.h">
      <Filter>Header Files</Filter>
    </ClInclude>
    <ClInclude Include="ExchangeMPI.h">
      <Filter>Header Files</Filter>
    </ClInclude>
    <ClInclude Include="fct.h">
      <Filter>Header Files</Filter>
    </ClInclude>
    <ClInclude Include="fctdiag.h">
      <Filter>Header Files</Filter>
    </ClInclude>
    <ClInclude Include="fourier.h">
      <Filter>Header Files</Filter>
    </ClInclude>
    <ClInclude Include="func.h">
      <Filter>Header Files</Filter>
    </ClInclude>
    <ClInclude Include="globals.h">
      <Filter>Header Files</Filter>
    </ClInclude>
    <ClInclude Include="gsmatrix.h">
      <Filter>Header Files</Filter>
    </ClInclude>
    <ClInclude Include="hyst.h">
      <Filter>Header Files</Filter>
    </ClInclude>
    <ClInclude Include="mvm.h">
      <Filter>Header Files</Filter>
    </ClInclude>
    <ClInclude Include="parfbss.h">
      <Filter>Header Files</Filter>
    </ClInclude>
    <ClInclude Include="parfbss_data.h">
      <Filter>Header Files</Filter>
    </ClInclude>
    <ClInclude Include="qrd.h">
      <Filter>Header Files</Filter>
    </ClInclude>
    <ClInclude Include="slvparam.h">
      <Filter>Header Files</Filter>
    </ClInclude>
    <ClInclude Include="smatrix.h">
      <Filter>Header Files</Filter>
    </ClInclude>
    <ClInclude Include="SolverPar.h">
      <Filter>Header Files</Filter>
    </ClInclude>
    <ClInclude Include="svector.h">
      <Filter>Header Files</Filter>
    </ClInclude>
    <ClInclude Include="tree.h">
      <Filter>Header Files</Filter>
    </ClInclude>
  </ItemGroup>
</Project>